
Microsoft Visual Studio Solution File, Format Version 12.00
# Visual Studio Version 17
VisualStudioVersion = 17.4.33122.133
MinimumVisualStudioVersion = 10.0.40219.1
Project("{FAE04EC0-301F-11D3-BF4B-00C04F79EFBC}") = "QuestionsForm", "QuestionsForm\QuestionsForm.csproj", "{03D76410-D3A6-4758-BA5A-E492FB585600}"
EndProject
Global
	GlobalSection(SolutionConfigurationPlatforms) = preSolution
		Debug|Any CPU = Debug|Any CPU
		Release|Any CPU = Release|Any CPU
	EndGlobalSection
	GlobalSection(ProjectConfigurationPlatforms) = postSolution
		{03D76410-D3A6-4758-BA5A-E492FB585600}.Debug|Any CPU.ActiveCfg = Debug|Any CPU
		{03D76410-D3A6-4758-BA5A-E492FB585600}.Debug|Any CPU.Build.0 = Debug|Any CPU
		{03D76410-D3A6-4758-BA5A-E492FB585600}.Release|Any CPU.ActiveCfg = Release|Any CPU
		{03D76410-D3A6-4758-BA5A-E492FB585600}.Release|Any CPU.Build.0 = Release|Any CPU
	EndGlobalSection
	GlobalSection(SolutionProperties) = preSolution
		HideSolutionNode = FALSE
	EndGlobalSection
	GlobalSection(ExtensibilityGlobals) = postSolution
		SolutionGuid = {5A1D117B-189C-4455-95FF-0185987892D9}
	EndGlobalSection
EndGlobal
